// !$*UTF8*$!
{
	archiveVersion = 1;
	classes = {
	};
	objectVersion = 46;
	objects = {

/* Begin PBXBuildFile section */
		06CFD7821B568680001BC735 /* main.m in Sources */ = {isa = PBXBuildFile; fileRef = 06CFD7811B568680001BC735 /* main.m */; };
		06CFD7851B568680001BC735 /* AppDelegate.m in Sources */ = {isa = PBXBuildFile; fileRef = 06CFD7841B568680001BC735 /* AppDelegate.m */; };
		06CFD7881B568680001BC735 /* ViewController.m in Sources */ = {isa = PBXBuildFile; fileRef = 06CFD7871B568680001BC735 /* ViewController.m */; };
		06CFD78D1B568680001BC735 /* Images.xcassets in Resources */ = {isa = PBXBuildFile; fileRef = 06CFD78C1B568680001BC735 /* Images.xcassets */; };
		06CFD7901B568680001BC735 /* LaunchScreen.xib in Resources */ = {isa = PBXBuildFile; fileRef = 06CFD78E1B568680001BC735 /* LaunchScreen.xib */; };
		06CFD79C1B568680001BC735 /* MyDayNotesTests.m in Sources */ = {isa = PBXBuildFile; fileRef = 06CFD79B1B568680001BC735 /* MyDayNotesTests.m */; };
		06CFD7A71B5686FD001BC735 /* MyListViewController.m in Sources */ = {isa = PBXBuildFile; fileRef = 06CFD7A61B5686FD001BC735 /* MyListViewController.m */; };
		06CFD7AD1B568776001BC735 /* DetailViewController.m in Sources */ = {isa = PBXBuildFile; fileRef = 06CFD7AC1B568776001BC735 /* DetailViewController.m */; };
		06CFD7B01B568889001BC735 /* Notes.m in Sources */ = {isa = PBXBuildFile; fileRef = 06CFD7AF1B568889001BC735 /* Notes.m */; };
		06CFD7B31B5688B5001BC735 /* NotesController.m in Sources */ = {isa = PBXBuildFile; fileRef = 06CFD7B21B5688B5001BC735 /* NotesController.m */; };
		06CFD7B81B5696F6001BC735 /* MyDataSource.m in Sources */ = {isa = PBXBuildFile; fileRef = 06CFD7B71B5696F6001BC735 /* MyDataSource.m */; };
/* End PBXBuildFile section */

/* Begin PBXContainerItemProxy section */
		06CFD7961B568680001BC735 /* PBXContainerItemProxy */ = {
			isa = PBXContainerItemProxy;
			containerPortal = 06CFD7741B568680001BC735 /* Project object */;
			proxyType = 1;
			remoteGlobalIDString = 06CFD77B1B568680001BC735;
			remoteInfo = MyDayNotes;
		};
/* End PBXContainerItemProxy section */

/* Begin PBXFileReference section */
		06CFD77C1B568680001BC735 /* MyDayNotes.app */ = {isa = PBXFileReference; explicitFileType = wrapper.application; includeInIndex = 0; path = MyDayNotes.app; sourceTree = BUILT_PRODUCTS_DIR; };
		06CFD7801B568680001BC735 /* Info.plist */ = {isa = PBXFileReference; lastKnownFileType = text.plist.xml; path = Info.plist; sourceTree = "<group>"; };
		06CFD7811B568680001BC735 /* main.m */ = {isa = PBXFileReference; lastKnownFileType = sourcecode.c.objc; path = main.m; sourceTree = "<group>"; };
		06CFD7831B568680001BC735 /* AppDelegate.h */ = {isa = PBXFileReference; lastKnownFileType = sourcecode.c.h; path = AppDelegate.h; sourceTree = "<group>"; };
		06CFD7841B568680001BC735 /* AppDelegate.m */ = {isa = PBXFileReference; lastKnownFileType = sourcecode.c.objc; path = AppDelegate.m; sourceTree = "<group>"; };
		06CFD7861B568680001BC735 /* ViewController.h */ = {isa = PBXFileReference; lastKnownFileType = sourcecode.c.h; path = ViewController.h; sourceTree = "<group>"; };
		06CFD7871B568680001BC735 /* ViewController.m */ = {isa = PBXFileReference; lastKnownFileType = sourcecode.c.objc; path = ViewController.m; sourceTree = "<group>"; };
		06CFD78C1B568680001BC735 /* Images.xcassets */ = {isa = PBXFileReference; lastKnownFileType = folder.assetcatalog; path = Images.xcassets; sourceTree = "<group>"; };
		06CFD78F1B568680001BC735 /* Base */ = {isa = PBXFileReference; lastKnownFileType = file.xib; name = Base; path = Base.lproj/LaunchScreen.xib; sourceTree = "<group>"; };
		06CFD7951B568680001BC735 /* MyDayNotesTests.xctest */ = {isa = PBXFileReference; explicitFileType = wrapper.cfbundle; includeInIndex = 0; path = MyDayNotesTests.xctest; sourceTree = BUILT_PRODUCTS_DIR; };
		06CFD79A1B568680001BC735 /* Info.plist */ = {isa = PBXFileReference; lastKnownFileType = text.plist.xml; path = Info.plist; sourceTree = "<group>"; };
		06CFD79B1B568680001BC735 /* MyDayNotesTests.m */ = {isa = PBXFileReference; lastKnownFileType = sourcecode.c.objc; path = MyDayNotesTests.m; sourceTree = "<group>"; };
		06CFD7A51B5686FD001BC735 /* MyListViewController.h */ = {isa = PBXFileReference; fileEncoding = 4; lastKnownFileType = sourcecode.c.h; path = MyListViewController.h; sourceTree = "<group>"; };
		06CFD7A61B5686FD001BC735 /* MyListViewController.m */ = {isa = PBXFileReference; fileEncoding = 4; lastKnownFileType = sourcecode.c.objc; path = MyListViewController.m; sourceTree = "<group>"; };
		06CFD7AB1B568776001BC735 /* DetailViewController.h */ = {isa = PBXFileReference; fileEncoding = 4; lastKnownFileType = sourcecode.c.h; path = DetailViewController.h; sourceTree = "<group>"; };
		06CFD7AC1B568776001BC735 /* DetailViewController.m */ = {isa = PBXFileReference; fileEncoding = 4; lastKnownFileType = sourcecode.c.objc; path = DetailViewController.m; sourceTree = "<group>"; };
		06CFD7AE1B568889001BC735 /* Notes.h */ = {isa = PBXFileReference; fileEncoding = 4; lastKnownFileType = sourcecode.c.h; path = Notes.h; sourceTree = "<group>"; };
		06CFD7AF1B568889001BC735 /* Notes.m */ = {isa = PBXFileReference; fileEncoding = 4; lastKnownFileType = sourcecode.c.objc; path = Notes.m; sourceTree = "<group>"; };
		06CFD7B11B5688B5001BC735 /* NotesController.h */ = {isa = PBXFileReference; fileEncoding = 4; lastKnownFileType = sourcecode.c.h; path = NotesController.h; sourceTree = "<group>"; };
		06CFD7B21B5688B5001BC735 /* NotesController.m */ = {isa = PBXFileReference; fileEncoding = 4; lastKnownFileType = sourcecode.c.objc; path = NotesController.m; sourceTree = "<group>"; };
		06CFD7B61B5696F6001BC735 /* MyDataSource.h */ = {isa = PBXFileReference; fileEncoding = 4; lastKnownFileType = sourcecode.c.h; path = MyDataSource.h; sourceTree = "<group>"; };
		06CFD7B71B5696F6001BC735 /* MyDataSource.m */ = {isa = PBXFileReference; fileEncoding = 4; lastKnownFileType = sourcecode.c.objc; path = MyDataSource.m; sourceTree = "<group>"; };
/* End PBXFileReference section */

/* Begin PBXFrameworksBuildPhase section */
		06CFD7791B568680001BC735 /* Frameworks */ = {
			isa = PBXFrameworksBuildPhase;
			buildActionMask = 2147483647;
			files = (
			);
			runOnlyForDeploymentPostprocessing = 0;
		};
		06CFD7921B568680001BC735 /* Frameworks */ = {
			isa = PBXFrameworksBuildPhase;
			buildActionMask = 2147483647;
			files = (
			);
			runOnlyForDeploymentPostprocessing = 0;
		};
/* End PBXFrameworksBuildPhase section */

/* Begin PBXGroup section */
		06CFD7731B568680001BC735 = {
			isa = PBXGroup;
			children = (
				06CFD77E1B568680001BC735 /* MyDayNotes */,
				06CFD7981B568680001BC735 /* MyDayNotesTests */,
				06CFD77D1B568680001BC735 /* Products */,
			);
			sourceTree = "<group>";
		};
		06CFD77D1B568680001BC735 /* Products */ = {
			isa = PBXGroup;
			children = (
				06CFD77C1B568680001BC735 /* MyDayNotes.app */,
				06CFD7951B568680001BC735 /* MyDayNotesTests.xctest */,
			);
			name = Products;
			sourceTree = "<group>";
		};
		06CFD77E1B568680001BC735 /* MyDayNotes */ = {
			isa = PBXGroup;
			children = (
				06CFD7B51B569398001BC735 /* AppDelegate */,
				06CFD7A51B5686FD001BC735 /* MyListViewController.h */,
				06CFD7A61B5686FD001BC735 /* MyListViewController.m */,
				06CFD7B61B5696F6001BC735 /* MyDataSource.h */,
				06CFD7B71B5696F6001BC735 /* MyDataSource.m */,
				06CFD7AB1B568776001BC735 /* DetailViewController.h */,
				06CFD7AC1B568776001BC735 /* DetailViewController.m */,
				06CFD7861B568680001BC735 /* ViewController.h */,
				06CFD7871B568680001BC735 /* ViewController.m */,
				06CFD7AE1B568889001BC735 /* Notes.h */,
				06CFD7AF1B568889001BC735 /* Notes.m */,
				06CFD7B11B5688B5001BC735 /* NotesController.h */,
				06CFD7B21B5688B5001BC735 /* NotesController.m */,
				06CFD78C1B568680001BC735 /* Images.xcassets */,
				06CFD78E1B568680001BC735 /* LaunchScreen.xib */,
				06CFD77F1B568680001BC735 /* Supporting Files */,
			);
			path = MyDayNotes;
			sourceTree = "<group>";
		};
		06CFD77F1B568680001BC735 /* Supporting Files */ = {
			isa = PBXGroup;
			children = (
				06CFD7801B568680001BC735 /* Info.plist */,
				06CFD7811B568680001BC735 /* main.m */,
			);
			name = "Supporting Files";
			sourceTree = "<group>";
		};
		06CFD7981B568680001BC735 /* MyDayNotesTests */ = {
			isa = PBXGroup;
			children = (
				06CFD79B1B568680001BC735 /* MyDayNotesTests.m */,
				06CFD7991B568680001BC735 /* Supporting Files */,
			);
			path = MyDayNotesTests;
			sourceTree = "<group>";
		};
		06CFD7991B568680001BC735 /* Supporting Files */ = {
			isa = PBXGroup;
			children = (
				06CFD79A1B568680001BC735 /* Info.plist */,
			);
			name = "Supporting Files";
			sourceTree = "<group>";
		};
		06CFD7B51B569398001BC735 /* AppDelegate */ = {
			isa = PBXGroup;
			children = (
				06CFD7831B568680001BC735 /* AppDelegate.h */,
				06CFD7841B568680001BC735 /* AppDelegate.m */,
			);
			name = AppDelegate;
			sourceTree = "<group>";
		};
/* End PBXGroup section */

/* Begin PBXNativeTarget section */
		06CFD77B1B568680001BC735 /* MyDayNotes */ = {
			isa = PBXNativeTarget;
			buildConfigurationList = 06CFD79F1B568680001BC735 /* Build configuration list for PBXNativeTarget "MyDayNotes" */;
			buildPhases = (
				06CFD7781B568680001BC735 /* Sources */,
				06CFD7791B568680001BC735 /* Frameworks */,
				06CFD77A1B568680001BC735 /* Resources */,
			);
			buildRules = (
			);
			dependencies = (
			);
			name = MyDayNotes;
			productName = MyDayNotes;
			productReference = 06CFD77C1B568680001BC735 /* MyDayNotes.app */;
			productType = "com.apple.product-type.application";
		};
		06CFD7941B568680001BC735 /* MyDayNotesTests */ = {
			isa = PBXNativeTarget;
			buildConfigurationList = 06CFD7A21B568680001BC735 /* Build configuration list for PBXNativeTarget "MyDayNotesTests" */;
			buildPhases = (
				06CFD7911B568680001BC735 /* Sources */,
				06CFD7921B568680001BC735 /* Frameworks */,
				06CFD7931B568680001BC735 /* Resources */,
			);
			buildRules = (
			);
			dependencies = (
				06CFD7971B568680001BC735 /* PBXTargetDependency */,
			);
			name = MyDayNotesTests;
			productName = MyDayNotesTests;
			productReference = 06CFD7951B568680001BC735 /* MyDayNotesTests.xctest */;
			productType = "com.apple.product-type.bundle.unit-test";
		};
/* End PBXNativeTarget section */

/* Begin PBXProject section */
		06CFD7741B568680001BC735 /* Project object */ = {
			isa = PBXProject;
			attributes = {
				LastUpgradeCheck = 0640;
				ORGANIZATIONNAME = "Skyler Clark";
				TargetAttributes = {
					06CFD77B1B568680001BC735 = {
						CreatedOnToolsVersion = 6.4;
					};
					06CFD7941B568680001BC735 = {
						CreatedOnToolsVersion = 6.4;
						TestTargetID = 06CFD77B1B568680001BC735;
					};
				};
			};
			buildConfigurationList = 06CFD7771B568680001BC735 /* Build configuration list for PBXProject "MyDayNotes" */;
			compatibilityVersion = "Xcode 3.2";
			developmentRegion = English;
			hasScannedForEncodings = 0;
			knownRegions = (
				en,
				Base,
			);
			mainGroup = 06CFD7731B568680001BC735;
			productRefGroup = 06CFD77D1B568680001BC735 /* Products */;
			projectDirPath = "";
			projectRoot = "";
			targets = (
				06CFD77B1B568680001BC735 /* MyDayNotes */,
				06CFD7941B568680001BC735 /* MyDayNotesTests */,
			);
		};
/* End PBXProject section */

/* Begin PBXResourcesBuildPhase section */
		06CFD77A1B568680001BC735 /* Resources */ = {
			isa = PBXResourcesBuildPhase;
			buildActionMask = 2147483647;
			files = (
				06CFD7901B568680001BC735 /* LaunchScreen.xib in Resources */,
				06CFD78D1B568680001BC735 /* Images.xcassets in Resources */,
			);
			runOnlyForDeploymentPostprocessing = 0;
		};
		06CFD7931B568680001BC735 /* Resources */ = {
			isa = PBXResourcesBuildPhase;
			buildActionMask = 2147483647;
			files = (
			);
			runOnlyForDeploymentPostprocessing = 0;
		};
/* End PBXResourcesBuildPhase section */

/* Begin PBXSourcesBuildPhase section */
		06CFD7781B568680001BC735 /* Sources */ = {
			isa = PBXSourcesBuildPhase;
			buildActionMask = 2147483647;
			files = (
				06CFD7881B568680001BC735 /* ViewController.m in Sources */,
				06CFD7B31B5688B5001BC735 /* NotesController.m in Sources */,
				06CFD7B81B5696F6001BC735 /* MyDataSource.m in Sources */,
				06CFD7851B568680001BC735 /* AppDelegate.m in Sources */,
				06CFD7A71B5686FD001BC735 /* MyListViewController.m in Sources */,
				06CFD7821B568680001BC735 /* main.m in Sources */,
				06CFD7B01B568889001BC735 /* Notes.m in Sources */,
				06CFD7AD1B568776001BC735 /* DetailViewController.m in Sources */,
			);
			runOnlyForDeploymentPostprocessing = 0;
		};
		06CFD7911B568680001BC735 /* Sources */ = {
			isa = PBXSourcesBuildPhase;
			buildActionMask = 2147483647;
			files = (
				06CFD79C1B568680001BC735 /* MyDayNotesTests.m in Sources */,
			);
			runOnlyForDeploymentPostprocessing = 0;
		};
/* End PBXSourcesBuildPhase section */

/* Begin PBXTargetDependency section */
		06CFD7971B568680001BC735 /* PBXTargetDependency */ = {
			isa = PBXTargetDependency;
			target = 06CFD77B1B568680001BC735 /* MyDayNotes */;
			targetProxy = 06CFD7961B568680001BC735 /* PBXContainerItemProxy */;
		};
/* End PBXTargetDependency section */

/* Begin PBXVariantGroup section */
		06CFD78E1B568680001BC735 /* LaunchScreen.xib */ = {
			isa = PBXVariantGroup;
			children = (
				06CFD78F1B568680001BC735 /* Base */,
			);
			name = LaunchScreen.xib;
			sourceTree = "<group>";
		};
/* End PBXVariantGroup section */

/* Begin XCBuildConfiguration section */
		06CFD79D1B568680001BC735 /* Debug */ = {
			isa = XCBuildConfiguration;
			buildSettings = {
				ALWAYS_SEARCH_USER_PATHS = NO;
				CLANG_CXX_LANGUAGE_STANDARD = "gnu++0x";
				CLANG_CXX_LIBRARY = "libc++";
				CLANG_ENABLE_MODULES = YES;
				CLANG_ENABLE_OBJC_ARC = YES;
				CLANG_WARN_BOOL_CONVERSION = YES;
				CLANG_WARN_CONSTANT_CONVERSION = YES;
				CLANG_WARN_DIRECT_OBJC_ISA_USAGE = YES_ERROR;
				CLANG_WARN_EMPTY_BODY = YES;
				CLANG_WARN_ENUM_CONVERSION = YES;
				CLANG_WARN_INT_CONVERSION = YES;
				CLANG_WARN_OBJC_ROOT_CLASS = YES_ERROR;
				CLANG_WARN_UNREACHABLE_CODE = YES;
				CLANG_WARN__DUPLICATE_METHOD_MATCH = YES;
				"CODE_SIGN_IDENTITY[sdk=iphoneos*]" = "iPhone Developer";
				COPY_PHASE_STRIP = NO;
				DEBUG_INFORMATION_FORMAT = "dwarf-with-dsym";
				ENABLE_STRICT_OBJC_MSGSEND = YES;
				GCC_C_LANGUAGE_STANDARD = gnu99;
				GCC_DYNAMIC_NO_PIC = NO;
				GCC_NO_COMMON_BLOCKS = YES;
				GCC_OPTIMIZATION_LEVEL = 0;
				GCC_PREPROCESSOR_DEFINITIONS = (
					"DEBUG=1",
					"$(inherited)",
				);
				GCC_SYMBOLS_PRIVATE_EXTERN = NO;
				GCC_WARN_64_TO_32_BIT_CONVERSION = YES;
				GCC_WARN_ABOUT_RETURN_TYPE = YES_ERROR;
				GCC_WARN_UNDECLARED_SELECTOR = YES;
				GCC_WARN_UNINITIALIZED_AUTOS = YES_AGGRESSIVE;
				GCC_WARN_UNUSED_FUNCTION = YES;
				GCC_WARN_UNUSED_VARIABLE = YES;
				IPHONEOS_DEPLOYMENT_TARGET = 8.4;
				MTL_ENABLE_DEBUG_INFO = YES;
				ONLY_ACTIVE_ARCH = YES;
				SDKROOT = iphoneos;
				TARGETED_DEVICE_FAMILY = "1,2";
			};
			name = Debug;
		};
		06CFD79E1B568680001BC735 /* Release */ = {
			isa = XCBuildConfiguration;
			buildSettings = {
				ALWAYS_SEARCH_USER_PATHS = NO;
				CLANG_CXX_LANGUAGE_STANDARD = "gnu++0x";
				CLANG_CXX_LIBRARY = "libc++";
				CLANG_ENABLE_MODULES = YES;
				CLANG_ENABLE_OBJC_ARC = YES;
				CLANG_WARN_BOOL_CONVERSION = YES;
				CLANG_WARN_CONSTANT_CONVERSION = YES;
				CLANG_WARN_DIRECT_OBJC_ISA_USAGE = YES_ERROR;
				CLANG_WARN_EMPTY_BODY = YES;
				CLANG_WARN_ENUM_CONVERSION = YES;
				CLANG_WARN_INT_CONVERSION = YES;
				CLANG_WARN_OBJC_ROOT_CLASS = YES_ERROR;
				CLANG_WARN_UNREACHABLE_CODE = YES;
				CLANG_WARN__DUPLICATE_METHOD_MATCH = YES;
				"CODE_SIGN_IDENTITY[sdk=iphoneos*]" = "iPhone Developer";
				COPY_PHASE_STRIP = NO;
				DEBUG_INFORMATION_FORMAT = "dwarf-with-dsym";
				ENABLE_NS_ASSERTIONS = NO;
				ENABLE_STRICT_OBJC_MSGSEND = YES;
				GCC_C_LANGUAGE_STANDARD = gnu99;
				GCC_NO_COMMON_BLOCKS = YES;
				GCC_WARN_64_TO_32_BIT_CONVERSION = YES;
				GCC_WARN_ABOUT_RETURN_TYPE = YES_ERROR;
				GCC_WARN_UNDECLARED_SELECTOR = YES;
				GCC_WARN_UNINITIALIZED_AUTOS = YES_AGGRESSIVE;
				GCC_WARN_UNUSED_FUNCTION = YES;
				GCC_WARN_UNUSED_VARIABLE = YES;
				IPHONEOS_DEPLOYMENT_TARGET = 8.4;
				MTL_ENABLE_DEBUG_INFO = NO;
				SDKROOT = iphoneos;
				TARGETED_DEVICE_FAMILY = "1,2";
				VALIDATE_PRODUCT = YES;
			};
			name = Release;
		};
		06CFD7A01B568680001BC735 /* Debug */ = {
			isa = XCBuildConfiguration;
			buildSettings = {
				ASSETCATALOG_COMPILER_APPICON_NAME = AppIcon;
				INFOPLIST_FILE = MyDayNotes/Info.plist;
				LD_RUNPATH_SEARCH_PATHS = "$(inherited) @executable_path/Frameworks";
				PRODUCT_NAME = "$(TARGET_NAME)";
			};
			name = Debug;
		};
		06CFD7A11B568680001BC735 /* Release */ = {
			isa = XCBuildConfiguration;
			buildSettings = {
				ASSETCATALOG_COMPILER_APPICON_NAME = AppIcon;
				INFOPLIST_FILE = MyDayNotes/Info.plist;
				LD_RUNPATH_SEARCH_PATHS = "$(inherited) @executable_path/Frameworks";
				PRODUCT_NAME = "$(TARGET_NAME)";
			};
			name = Release;
		};
		06CFD7A31B568680001BC735 /* Debug */ = {
			isa = XCBuildConfiguration;
			buildSettings = {
				BUNDLE_LOADER = "$(TEST_HOST)";
				FRAMEWORK_SEARCH_PATHS = (
					"$(SDKROOT)/Developer/Library/Frameworks",
					"$(inherited)",
				);
				GCC_PREPROCESSOR_DEFINITIONS = (
					"DEBUG=1",
					"$(inherited)",
				);
				INFOPLIST_FILE = MyDayNotesTests/Info.plist;
				LD_RUNPATH_SEARCH_PATHS = "$(inherited) @executable_path/Frameworks @loader_path/Frameworks";
				PRODUCT_NAME = "$(TARGET_NAME)";
				TEST_HOST = "$(BUILT_PRODUCTS_DIR)/MyDayNotes.app/MyDayNotes";
			};
			name = Debug;
		};
		06CFD7A41B568680001BC735 /* Release */ = {
			isa = XCBuildConfiguration;
			buildSettings = {
				BUNDLE_LOADER = "$(TEST_HOST)";
				FRAMEWORK_SEARCH_PATHS = (
					"$(SDKROOT)/Developer/Library/Frameworks",
					"$(inherited)",
				);
				INFOPLIST_FILE = MyDayNotesTests/Info.plist;
				LD_RUNPATH_SEARCH_PATHS = "$(inherited) @executable_path/Frameworks @loader_path/Frameworks";
				PRODUCT_NAME = "$(TARGET_NAME)";
				TEST_HOST = "$(BUILT_PRODUCTS_DIR)/MyDayNotes.app/MyDayNotes";
			};
			name = Release;
		};
/* End XCBuildConfiguration section */

/* Begin XCConfigurationList section */
		06CFD7771B568680001BC735 /* Build configuration list for PBXProject "MyDayNotes" */ = {
			isa = XCConfigurationList;
			buildConfigurations = (
				06CFD79D1B568680001BC735 /* Debug */,
				06CFD79E1B568680001BC735 /* Release */,
			);
			defaultConfigurationIsVisible = 0;
			defaultConfigurationName = Release;
		};
		06CFD79F1B568680001BC735 /* Build configuration list for PBXNativeTarget "MyDayNotes" */ = {
			isa = XCConfigurationList;
			buildConfigurations = (
				06CFD7A01B568680001BC735 /* Debug */,
				06CFD7A11B568680001BC735 /* Release */,
			);
			defaultConfigurationIsVisible = 0;
		};
		06CFD7A21B568680001BC735 /* Build configuration list for PBXNativeTarget "MyDayNotesTests" */ = {
			isa = XCConfigurationList;
			buildConfigurations = (
				06CFD7A31B568680001BC735 /* Debug */,
				06CFD7A41B568680001BC735 /* Release */,
			);
			defaultConfigurationIsVisible = 0;
		};
/* End XCConfigurationList section */
	};
	rootObject = 06CFD7741B568680001BC735 /* Project object */;
}
